
Microsoft Visual Studio Solution File, Format Version 12.00
# Visual Studio Version 16
VisualStudioVersion = 16.0.31624.102
MinimumVisualStudioVersion = 10.0.40219.1
Project("{FAE04EC0-301F-11D3-BF4B-00C04F79EFBC}") = "Events", "Events\Events.csproj", "{63996B59-DC2C-4678-955C-8EA4CB387F53}"
EndProject
Global
	GlobalSection(SolutionConfigurationPlatforms) = preSolution
		Debug|Any CPU = Debug|Any CPU
		Release|Any CPU = Release|Any CPU
	EndGlobalSection
	GlobalSection(ProjectConfigurationPlatforms) = postSolution
		{63996B59-DC2C-4678-955C-8EA4CB387F53}.Debug|Any CPU.ActiveCfg = Debug|Any CPU
		{63996B59-DC2C-4678-955C-8EA4CB387F53}.Debug|Any CPU.Build.0 = Debug|Any CPU
		{63996B59-DC2C-4678-955C-8EA4CB387F53}.Release|Any CPU.ActiveCfg = Release|Any CPU
		{63996B59-DC2C-4678-955C-8EA4CB387F53}.Release|Any CPU.Build.0 = Release|Any CPU
	EndGlobalSection
	GlobalSection(SolutionProperties) = preSolution
		HideSolutionNode = FALSE
	EndGlobalSection
	GlobalSection(ExtensibilityGlobals) = postSolution
		SolutionGuid = {F6B43A47-DC2B-4A2C-9747-3750EE904AC3}
	EndGlobalSection
EndGlobal
